// !$*UTF8*$!
{
	archiveVersion = 1;
	classes = {
	};
	objectVersion = 50;
	objects = {

/* Begin PBXBuildFile section */
		A30ECC7326CCB720008D6962 /* AppDelegate.swift in Sources */ = {isa = PBXBuildFile; fileRef = A30ECC7226CCB720008D6962 /* AppDelegate.swift */; };
		A30ECC7526CCB720008D6962 /* SceneDelegate.swift in Sources */ = {isa = PBXBuildFile; fileRef = A30ECC7426CCB720008D6962 /* SceneDelegate.swift */; };
		A30ECC7726CCB720008D6962 /* ContentView.swift in Sources */ = {isa = PBXBuildFile; fileRef = A30ECC7626CCB720008D6962 /* ContentView.swift */; };
		A30ECC7926CCB721008D6962 /* Assets.xcassets in Resources */ = {isa = PBXBuildFile; fileRef = A30ECC7826CCB721008D6962 /* Assets.xcassets */; };
		A30ECC7C26CCB721008D6962 /* Preview Assets.xcassets in Resources */ = {isa = PBXBuildFile; fileRef = A30ECC7B26CCB721008D6962 /* Preview Assets.xcassets */; };
		A30ECC7F26CCB721008D6962 /* LaunchScreen.storyboard in Resources */ = {isa = PBXBuildFile; fileRef = A30ECC7D26CCB721008D6962 /* LaunchScreen.storyboard */; };
/* End PBXBuildFile section */

/* Begin PBXFileReference section */
		A30ECC6F26CCB720008D6962 /* MapKit_Live_Location.app */ = {isa = PBXFileReference; explicitFileType = wrapper.application; includeInIndex = 0; path = MapKit_Live_Location.app; sourceTree = BUILT_PRODUCTS_DIR; };
		A30ECC7226CCB720008D6962 /* AppDelegate.swift */ = {isa = PBXFileReference; lastKnownFileType = sourcecode.swift; path = AppDelegate.swift; sourceTree = "<group>"; };
		A30ECC7426CCB720008D6962 /* SceneDelegate.swift */ = {isa = PBXFileReference; lastKnownFileType = sourcecode.swift; path = SceneDelegate.swift; sourceTree = "<group>"; };
		A30ECC7626CCB720008D6962 /* ContentView.swift */ = {isa = PBXFileReference; lastKnownFileType = sourcecode.swift; path = ContentView.swift; sourceTree = "<group>"; };
		A30ECC7826CCB721008D6962 /* Assets.xcassets */ = {isa = PBXFileReference; lastKnownFileType = folder.assetcatalog; path = Assets.xcassets; sourceTree = "<group>"; };
		A30ECC7B26CCB721008D6962 /* Preview Assets.xcassets */ = {isa = PBXFileReference; lastKnownFileType = folder.assetcatalog; path = "Preview Assets.xcassets"; sourceTree = "<group>"; };
		A30ECC7E26CCB721008D6962 /* Base */ = {isa = PBXFileReference; lastKnownFileType = file.storyboard; name = Base; path = Base.lproj/LaunchScreen.storyboard; sourceTree = "<group>"; };
		A30ECC8026CCB721008D6962 /* Info.plist */ = {isa = PBXFileReference; lastKnownFileType = text.plist.xml; path = Info.plist; sourceTree = "<group>"; };
/* End PBXFileReference section */

/* Begin PBXFrameworksBuildPhase section */
		A30ECC6C26CCB720008D6962 /* Frameworks */ = {
			isa = PBXFrameworksBuildPhase;
			buildActionMask = 2147483647;
			files = (
			);
			runOnlyForDeploymentPostprocessing = 0;
		};
/* End PBXFrameworksBuildPhase section */

/* Begin PBXGroup section */
		A30ECC6626CCB720008D6962 = {
			isa = PBXGroup;
			children = (
				A30ECC7126CCB720008D6962 /* MapKit_Live_Location */,
				A30ECC7026CCB720008D6962 /* Products */,
			);
			sourceTree = "<group>";
		};
		A30ECC7026CCB720008D6962 /* Products */ = {
			isa = PBXGroup;
			children = (
				A30ECC6F26CCB720008D6962 /* MapKit_Live_Location.app */,
			);
			name = Products;
			sourceTree = "<group>";
		};
		A30ECC7126CCB720008D6962 /* MapKit_Live_Location */ = {
			isa = PBXGroup;
			children = (
				A30ECC7226CCB720008D6962 /* AppDelegate.swift */,
				A30ECC7426CCB720008D6962 /* SceneDelegate.swift */,
				A30ECC7626CCB720008D6962 /* ContentView.swift */,
				A30ECC7826CCB721008D6962 /* Assets.xcassets */,
				A30ECC7D26CCB721008D6962 /* LaunchScreen.storyboard */,
				A30ECC8026CCB721008D6962 /* Info.plist */,
				A30ECC7A26CCB721008D6962 /* Preview Content */,
			);
			path = MapKit_Live_Location;
			sourceTree = "<group>";
		};
		A30ECC7A26CCB721008D6962 /* Preview Content */ = {
			isa = PBXGroup;
			children = (
				A30ECC7B26CCB721008D6962 /* Preview Assets.xcassets */,
			);
			path = "Preview Content";
			sourceTree = "<group>";
		};
/* End PBXGroup section */

/* Begin PBXNativeTarget section */
		A30ECC6E26CCB720008D6962 /* MapKit_Live_Location */ = {
			isa = PBXNativeTarget;
			buildConfigurationList = A30ECC8326CCB721008D6962 /* Build configuration list for PBXNativeTarget "MapKit_Live_Location" */;
			buildPhases = (
				A30ECC6B26CCB720008D6962 /* Sources */,
				A30ECC6C26CCB720008D6962 /* Frameworks */,
				A30ECC6D26CCB720008D6962 /* Resources */,
			);
			buildRules = (
			);
			dependencies = (
			);
			name = MapKit_Live_Location;
			productName = MapKit_Live_Location;
			productReference = A30ECC6F26CCB720008D6962 /* MapKit_Live_Location.app */;
			productType = "com.apple.product-type.application";
		};
/* End PBXNativeTarget section */

/* Begin PBXProject section */
		A30ECC6726CCB720008D6962 /* Project object */ = {
			isa = PBXProject;
			attributes = {
				LastSwiftUpdateCheck = 1250;
				LastUpgradeCheck = 1250;
				TargetAttributes = {
					A30ECC6E26CCB720008D6962 = {
						CreatedOnToolsVersion = 12.5.1;
					};
				};
			};
			buildConfigurationList = A30ECC6A26CCB720008D6962 /* Build configuration list for PBXProject "MapKit_Live_Location" */;
			compatibilityVersion = "Xcode 9.3";
			developmentRegion = en;
			hasScannedForEncodings = 0;
			knownRegions = (
				en,
				Base,
			);
			mainGroup = A30ECC6626CCB720008D6962;
			productRefGroup = A30ECC7026CCB720008D6962 /* Products */;
			projectDirPath = "";
			projectRoot = "";
			targets = (
				A30ECC6E26CCB720008D6962 /* MapKit_Live_Location */,
			);
		};
/* End PBXProject section */

/* Begin PBXResourcesBuildPhase section */
		A30ECC6D26CCB720008D6962 /* Resources */ = {
			isa = PBXResourcesBuildPhase;
			buildActionMask = 2147483647;
			files = (
				A30ECC7F26CCB721008D6962 /* LaunchScreen.storyboard in Resources */,
				A30ECC7C26CCB721008D6962 /* Preview Assets.xcassets in Resources */,
				A30ECC7926CCB721008D6962 /* Assets.xcassets in Resources */,
			);
			runOnlyForDeploymentPostprocessing = 0;
		};
/* End PBXResourcesBuildPhase section */

/* Begin PBXSourcesBuildPhase section */
		A30ECC6B26CCB720008D6962 /* Sources */ = {
			isa = PBXSourcesBuildPhase;
			buildActionMask = 2147483647;
			files = (
				A30ECC7326CCB720008D6962 /* AppDelegate.swift in Sources */,
				A30ECC7526CCB720008D6962 /* SceneDelegate.swift in Sources */,
				A30ECC7726CCB720008D6962 /* ContentView.swift in Sources */,
			);
			runOnlyForDeploymentPostprocessing = 0;
		};
/* End PBXSourcesBuildPhase section */

/* Begin PBXVariantGroup section */
		A30ECC7D26CCB721008D6962 /* LaunchScreen.storyboard */ = {
			isa = PBXVariantGroup;
			children = (
				A30ECC7E26CCB721008D6962 /* Base */,
			);
			name = LaunchScreen.storyboard;
			sourceTree = "<group>";
		};
/* End PBXVariantGroup section */

/* Begin XCBuildConfiguration section */
		A30ECC8126CCB721008D6962 /* Debug */ = {
			isa = XCBuildConfiguration;
			buildSettings = {
				ALWAYS_SEARCH_USER_PATHS = NO;
				CLANG_ANALYZER_NONNULL = YES;
				CLANG_ANALYZER_NUMBER_OBJECT_CONVERSION = YES_AGGRESSIVE;
				CLANG_CXX_LANGUAGE_STANDARD = "gnu++14";
				CLANG_CXX_LIBRARY = "libc++";
				CLANG_ENABLE_MODULES = YES;
				CLANG_ENABLE_OBJC_ARC = YES;
				CLANG_ENABLE_OBJC_WEAK = YES;
				CLANG_WARN_BLOCK_CAPTURE_AUTORELEASING = YES;
				CLANG_WARN_BOOL_CONVERSION = YES;
				CLANG_WARN_COMMA = YES;
				CLANG_WARN_CONSTANT_CONVERSION = YES;
				CLANG_WARN_DEPRECATED_OBJC_IMPLEMENTATIONS = YES;
				CLANG_WARN_DIRECT_OBJC_ISA_USAGE = YES_ERROR;
				CLANG_WARN_DOCUMENTATION_COMMENTS = YES;
				CLANG_WARN_EMPTY_BODY = YES;
				CLANG_WARN_ENUM_CONVERSION = YES;
				CLANG_WARN_INFINITE_RECURSION = YES;
				CLANG_WARN_INT_CONVERSION = YES;
				CLANG_WARN_NON_LITERAL_NULL_CONVERSION = YES;
				CLANG_WARN_OBJC_IMPLICIT_RETAIN_SELF = YES;
				CLANG_WARN_OBJC_LITERAL_CONVERSION = YES;
				CLANG_WARN_OBJC_ROOT_CLASS = YES_ERROR;
				CLANG_WARN_QUOTED_INCLUDE_IN_FRAMEWORK_HEADER = YES;
				CLANG_WARN_RANGE_LOOP_ANALYSIS = YES;
				CLANG_WARN_STRICT_PROTOTYPES = YES;
				CLANG_WARN_SUSPICIOUS_MOVE = YES;
				CLANG_WARN_UNGUARDED_AVAILABILITY = YES_AGGRESSIVE;
				CLANG_WARN_UNREACHABLE_CODE = YES;
				CLANG_WARN__DUPLICATE_METHOD_MATCH = YES;
				COPY_PHASE_STRIP = NO;
				DEBUG_INFORMATION_FORMAT = dwarf;
				ENABLE_STRICT_OBJC_MSGSEND = YES;
				ENABLE_TESTABILITY = YES;
				GCC_C_LANGUAGE_STANDARD = gnu11;
				GCC_DYNAMIC_NO_PIC = NO;
				GCC_NO_COMMON_BLOCKS = YES;
				GCC_OPTIMIZATION_LEVEL = 0;
				GCC_PREPROCESSOR_DEFINITIONS = (
					"DEBUG=1",
					"$(inherited)",
				);
				GCC_WARN_64_TO_32_BIT_CONVERSION = YES;
				GCC_WARN_ABOUT_RETURN_TYPE = YES_ERROR;
				GCC_WARN_UNDECLARED_SELECTOR = YES;
				GCC_WARN_UNINITIALIZED_AUTOS = YES_AGGRESSIVE;
				GCC_WARN_UNUSED_FUNCTION = YES;
				GCC_WARN_UNUSED_VARIABLE = YES;
				IPHONEOS_DEPLOYMENT_TARGET = 14.5;
				MTL_ENABLE_DEBUG_INFO = INCLUDE_SOURCE;
				MTL_FAST_MATH = YES;
				ONLY_ACTIVE_ARCH = YES;
				SDKROOT = iphoneos;
				SWIFT_ACTIVE_COMPILATION_CONDITIONS = DEBUG;
				SWIFT_OPTIMIZATION_LEVEL = "-Onone";
			};
			name = Debug;
		};
		A30ECC8226CCB721008D6962 /* Release */ = {
			isa = XCBuildConfiguration;
			buildSettings = {
				ALWAYS_SEARCH_USER_PATHS = NO;
				CLANG_ANALYZER_NONNULL = YES;
				CLANG_ANALYZER_NUMBER_OBJECT_CONVERSION = YES_AGGRESSIVE;
				CLANG_CXX_LANGUAGE_STANDARD = "gnu++14";
				CLANG_CXX_LIBRARY = "libc++";
				CLANG_ENABLE_MODULES = YES;
				CLANG_ENABLE_OBJC_ARC = YES;
				CLANG_ENABLE_OBJC_WEAK = YES;
				CLANG_WARN_BLOCK_CAPTURE_AUTORELEASING = YES;
				CLANG_WARN_BOOL_CONVERSION = YES;
				CLANG_WARN_COMMA = YES;
				CLANG_WARN_CONSTANT_CONVERSION = YES;
				CLANG_WARN_DEPRECATED_OBJC_IMPLEMENTATIONS = YES;
				CLANG_WARN_DIRECT_OBJC_ISA_USAGE = YES_ERROR;
				CLANG_WARN_DOCUMENTATION_COMMENTS = YES;
				CLANG_WARN_EMPTY_BODY = YES;
				CLANG_WARN_ENUM_CONVERSION = YES;
				CLANG_WARN_INFINITE_RECURSION = YES;
				CLANG_WARN_INT_CONVERSION = YES;
				CLANG_WARN_NON_LITERAL_NULL_CONVERSION = YES;
				CLANG_WARN_OBJC_IMPLICIT_RETAIN_SELF = YES;
				CLANG_WARN_OBJC_LITERAL_CONVERSION = YES;
				CLANG_WARN_OBJC_ROOT_CLASS = YES_ERROR;
				CLANG_WARN_QUOTED_INCLUDE_IN_FRAMEWORK_HEADER = YES;
				CLANG_WARN_RANGE_LOOP_ANALYSIS = YES;
				CLANG_WARN_STRICT_PROTOTYPES = YES;
				CLANG_WARN_SUSPICIOUS_MOVE = YES;
				CLANG_WARN_UNGUARDED_AVAILABILITY = YES_AGGRESSIVE;
				CLANG_WARN_UNREACHABLE_CODE = YES;
				CLANG_WARN__DUPLICATE_METHOD_MATCH = YES;
				COPY_PHASE_STRIP = NO;
				DEBUG_INFORMATION_FORMAT = "dwarf-with-dsym";
				ENABLE_NS_ASSERTIONS = NO;
				ENABLE_STRICT_OBJC_MSGSEND = YES;
				GCC_C_LANGUAGE_STANDARD = gnu11;
				GCC_NO_COMMON_BLOCKS = YES;
				GCC_WARN_64_TO_32_BIT_CONVERSION = YES;
				GCC_WARN_ABOUT_RETURN_TYPE = YES_ERROR;
				GCC_WARN_UNDECLARED_SELECTOR = YES;
				GCC_WARN_UNINITIALIZED_AUTOS = YES_AGGRESSIVE;
				GCC_WARN_UNUSED_FUNCTION = YES;
				GCC_WARN_UNUSED_VARIABLE = YES;
				IPHONEOS_DEPLOYMENT_TARGET = 14.5;
				MTL_ENABLE_DEBUG_INFO = NO;
				MTL_FAST_MATH = YES;
				SDKROOT = iphoneos;
				SWIFT_COMPILATION_MODE = wholemodule;
				SWIFT_OPTIMIZATION_LEVEL = "-O";
				VALIDATE_PRODUCT = YES;
			};
			name = Release;
		};
		A30ECC8426CCB721008D6962 /* Debug */ = {
			isa = XCBuildConfiguration;
			buildSettings = {
				ASSETCATALOG_COMPILER_APPICON_NAME = AppIcon;
				ASSETCATALOG_COMPILER_GLOBAL_ACCENT_COLOR_NAME = AccentColor;
				CODE_SIGN_STYLE = Automatic;
				DEVELOPMENT_ASSET_PATHS = "\"MapKit_Live_Location/Preview Content\"";
				DEVELOPMENT_TEAM = 3824GTL53A;
				ENABLE_PREVIEWS = YES;
				INFOPLIST_FILE = MapKit_Live_Location/Info.plist;
				LD_RUNPATH_SEARCH_PATHS = (
					"$(inherited)",
					"@executable_path/Frameworks",
				);
				PRODUCT_BUNDLE_IDENTIFIER = "com.anurag.bhanderi.MapKit-Live-Location";
				PRODUCT_NAME = "$(TARGET_NAME)";
				SWIFT_VERSION = 5.0;
				TARGETED_DEVICE_FAMILY = "1,2";
			};
			name = Debug;
		};
		A30ECC8526CCB721008D6962 /* Release */ = {
			isa = XCBuildConfiguration;
			buildSettings = {
				ASSETCATALOG_COMPILER_APPICON_NAME = AppIcon;
				ASSETCATALOG_COMPILER_GLOBAL_ACCENT_COLOR_NAME = AccentColor;
				CODE_SIGN_STYLE = Automatic;
				DEVELOPMENT_ASSET_PATHS = "\"MapKit_Live_Location/Preview Content\"";
				DEVELOPMENT_TEAM = 3824GTL53A;
				ENABLE_PREVIEWS = YES;
				INFOPLIST_FILE = MapKit_Live_Location/Info.plist;
				LD_RUNPATH_SEARCH_PATHS = (
					"$(inherited)",
					"@executable_path/Frameworks",
				);
				PRODUCT_BUNDLE_IDENTIFIER = "com.anurag.bhanderi.MapKit-Live-Location";
				PRODUCT_NAME = "$(TARGET_NAME)";
				SWIFT_VERSION = 5.0;
				TARGETED_DEVICE_FAMILY = "1,2";
			};
			name = Release;
		};
/* End XCBuildConfiguration section */

/* Begin XCConfigurationList section */
		A30ECC6A26CCB720008D6962 /* Build configuration list for PBXProject "MapKit_Live_Location" */ = {
			isa = XCConfigurationList;
			buildConfigurations = (
				A30ECC8126CCB721008D6962 /* Debug */,
				A30ECC8226CCB721008D6962 /* Release */,
			);
			defaultConfigurationIsVisible = 0;
			defaultConfigurationName = Release;
		};
		A30ECC8326CCB721008D6962 /* Build configuration list for PBXNativeTarget "MapKit_Live_Location" */ = {
			isa = XCConfigurationList;
			buildConfigurations = (
				A30ECC8426CCB721008D6962 /* Debug */,
				A30ECC8526CCB721008D6962 /* Release */,
			);
			defaultConfigurationIsVisible = 0;
			defaultConfigurationName = Release;
		};
/* End XCConfigurationList section */
	};
	rootObject = A30ECC6726CCB720008D6962 /* Project object */;
}
